
Microsoft Visual Studio Solution File, Format Version 12.00
Project("{FAE04EC0-301F-11D3-BF4B-00C04F79EFBC}") = "ExternalApiExamples", "src\ExternalApiExamples\ExternalApiExamples.csproj", "{537C1AA4-A3E1-4232-91E6-A877383E7501}"
EndProject
Global
	GlobalSection(SolutionConfigurationPlatforms) = preSolution
		Debug|Any CPU = Debug|Any CPU
		Release|Any CPU = Release|Any CPU
	EndGlobalSection
	GlobalSection(ProjectConfigurationPlatforms) = postSolution
		{537C1AA4-A3E1-4232-91E6-A877383E7501}.Debug|Any CPU.ActiveCfg = Debug|Any CPU
		{537C1AA4-A3E1-4232-91E6-A877383E7501}.Debug|Any CPU.Build.0 = Debug|Any CPU
		{537C1AA4-A3E1-4232-91E6-A877383E7501}.Release|Any CPU.ActiveCfg = Release|Any CPU
		{537C1AA4-A3E1-4232-91E6-A877383E7501}.Release|Any CPU.Build.0 = Release|Any CPU
	EndGlobalSection
EndGlobal
